
Microsoft Visual Studio Solution File, Format Version 12.00
# Visual Studio Version 16
VisualStudioVersion = 16.0.30804.86
MinimumVisualStudioVersion = 10.0.40219.1
Project("{FAE04EC0-301F-11D3-BF4B-00C04F79EFBC}") = "Week1Day3", "Week1Day3\Week1Day3.csproj", "{C078A3E5-DC96-4D0F-A8E2-722176C5D4E7}"
EndProject
Project("{FAE04EC0-301F-11D3-BF4B-00C04F79EFBC}") = "WhileLoops", "WhileLoops\WhileLoops.csproj", "{18A81656-F4FB-4D37-871E-2639AA19B796}"
EndProject
Project("{FAE04EC0-301F-11D3-BF4B-00C04F79EFBC}") = "Switch", "Switch\Switch.csproj", "{B1D38938-BF3B-4D55-9362-37843DE706A7}"
EndProject
Project("{FAE04EC0-301F-11D3-BF4B-00C04F79EFBC}") = "Frukt", "Frukt\Frukt.csproj", "{47830E05-399C-421C-A91B-7D9422A9C4C3}"
EndProject
Global
	GlobalSection(SolutionConfigurationPlatforms) = preSolution
		Debug|Any CPU = Debug|Any CPU
		Release|Any CPU = Release|Any CPU
	EndGlobalSection
	GlobalSection(ProjectConfigurationPlatforms) = postSolution
		{C078A3E5-DC96-4D0F-A8E2-722176C5D4E7}.Debug|Any CPU.ActiveCfg = Debug|Any CPU
		{C078A3E5-DC96-4D0F-A8E2-722176C5D4E7}.Debug|Any CPU.Build.0 = Debug|Any CPU
		{C078A3E5-DC96-4D0F-A8E2-722176C5D4E7}.Release|Any CPU.ActiveCfg = Release|Any CPU
		{C078A3E5-DC96-4D0F-A8E2-722176C5D4E7}.Release|Any CPU.Build.0 = Release|Any CPU
		{18A81656-F4FB-4D37-871E-2639AA19B796}.Debug|Any CPU.ActiveCfg = Debug|Any CPU
		{18A81656-F4FB-4D37-871E-2639AA19B796}.Debug|Any CPU.Build.0 = Debug|Any CPU
		{18A81656-F4FB-4D37-871E-2639AA19B796}.Release|Any CPU.ActiveCfg = Release|Any CPU
		{18A81656-F4FB-4D37-871E-2639AA19B796}.Release|Any CPU.Build.0 = Release|Any CPU
		{B1D38938-BF3B-4D55-9362-37843DE706A7}.Debug|Any CPU.ActiveCfg = Debug|Any CPU
		{B1D38938-BF3B-4D55-9362-37843DE706A7}.Debug|Any CPU.Build.0 = Debug|Any CPU
		{B1D38938-BF3B-4D55-9362-37843DE706A7}.Release|Any CPU.ActiveCfg = Release|Any CPU
		{B1D38938-BF3B-4D55-9362-37843DE706A7}.Release|Any CPU.Build.0 = Release|Any CPU
		{47830E05-399C-421C-A91B-7D9422A9C4C3}.Debug|Any CPU.ActiveCfg = Debug|Any CPU
		{47830E05-399C-421C-A91B-7D9422A9C4C3}.Debug|Any CPU.Build.0 = Debug|Any CPU
		{47830E05-399C-421C-A91B-7D9422A9C4C3}.Release|Any CPU.ActiveCfg = Release|Any CPU
		{47830E05-399C-421C-A91B-7D9422A9C4C3}.Release|Any CPU.Build.0 = Release|Any CPU
	EndGlobalSection
	GlobalSection(SolutionProperties) = preSolution
		HideSolutionNode = FALSE
	EndGlobalSection
	GlobalSection(ExtensibilityGlobals) = postSolution
		SolutionGuid = {2B013235-D071-43B5-A7D7-278687172A22}
	EndGlobalSection
EndGlobal
